{
  "name": "DEMO_UDTF",
  "lockfileVersion": 3,
  "requires": true,
  "packages": {
    "": {
      "dependencies": {
        "4": "^0.0.0",
        "typescript": "^5.4.3"
      }
    },
    "node_modules/4": {
      "version": "0.0.0",
      "resolved": "https://registry.npmjs.org/4/-/4-0.0.0.tgz",
      "integrity": "sha512-JWaJnETbU+8EfG4hPw1PFwEHsd7Fjlp0oNRYUYynn8t54P0459HAUiu1jgOnvgOYMZH9YnhfT+bgqcazmbMF5Q=="
    },
    "node_modules/typescript": {
      "version": "5.4.3",
      "resolved": "https://registry.npmjs.org/typescript/-/typescript-5.4.3.tgz",
      "integrity": "sha512-KrPd3PKaCLr78MalgiwJnA25Nm8HAmdwN3mYUYZgG/wizIo9EainNVQI9/yDavtVFRN2h3k8uf3GLHuhDMgEHg==",
      "bin": {
        "tsc": "bin/tsc",
        "tsserver": "bin/tsserver"
      },
      "engines": {
        "node": ">=14.17"
      }
    }
  }
}
